
Microsoft Visual Studio Solution File, Format Version 12.00
# Visual Studio Version 17
VisualStudioVersion = 17.9.34728.123
MinimumVisualStudioVersion = 10.0.40219.1
Project("{9A19103F-16F7-4668-BE54-9A1E7A4F7556}") = "Presentacion", "Projectpt1\Presentacion.csproj", "{C19168CC-D7BD-40EA-B2C2-A6FABD0F8BF3}"
EndProject
Project("{FAE04EC0-301F-11D3-BF4B-00C04F79EFBC}") = "BLL", "BLL\BLL.csproj", "{FE93B70E-53AC-4FAE-A267-181C00090728}"
EndProject
Project("{FAE04EC0-301F-11D3-BF4B-00C04F79EFBC}") = "DAL", "DAL\DAL.csproj", "{0F5CC80A-888D-4B2F-BF83-549564BA652A}"
EndProject
Project("{FAE04EC0-301F-11D3-BF4B-00C04F79EFBC}") = "Entity", "Entity\Entity.csproj", "{7EDF8636-EFCB-4612-A279-4171CCE01227}"
EndProject
Global
	GlobalSection(SolutionConfigurationPlatforms) = preSolution
		Debug|Any CPU = Debug|Any CPU
		Release|Any CPU = Release|Any CPU
	EndGlobalSection
	GlobalSection(ProjectConfigurationPlatforms) = postSolution
		{C19168CC-D7BD-40EA-B2C2-A6FABD0F8BF3}.Debug|Any CPU.ActiveCfg = Debug|Any CPU
		{C19168CC-D7BD-40EA-B2C2-A6FABD0F8BF3}.Debug|Any CPU.Build.0 = Debug|Any CPU
		{C19168CC-D7BD-40EA-B2C2-A6FABD0F8BF3}.Release|Any CPU.ActiveCfg = Release|Any CPU
		{C19168CC-D7BD-40EA-B2C2-A6FABD0F8BF3}.Release|Any CPU.Build.0 = Release|Any CPU
		{FE93B70E-53AC-4FAE-A267-181C00090728}.Debug|Any CPU.ActiveCfg = Debug|Any CPU
		{FE93B70E-53AC-4FAE-A267-181C00090728}.Debug|Any CPU.Build.0 = Debug|Any CPU
		{FE93B70E-53AC-4FAE-A267-181C00090728}.Release|Any CPU.ActiveCfg = Release|Any CPU
		{FE93B70E-53AC-4FAE-A267-181C00090728}.Release|Any CPU.Build.0 = Release|Any CPU
		{0F5CC80A-888D-4B2F-BF83-549564BA652A}.Debug|Any CPU.ActiveCfg = Debug|Any CPU
		{0F5CC80A-888D-4B2F-BF83-549564BA652A}.Debug|Any CPU.Build.0 = Debug|Any CPU
		{0F5CC80A-888D-4B2F-BF83-549564BA652A}.Release|Any CPU.ActiveCfg = Release|Any CPU
		{0F5CC80A-888D-4B2F-BF83-549564BA652A}.Release|Any CPU.Build.0 = Release|Any CPU
		{7EDF8636-EFCB-4612-A279-4171CCE01227}.Debug|Any CPU.ActiveCfg = Debug|Any CPU
		{7EDF8636-EFCB-4612-A279-4171CCE01227}.Debug|Any CPU.Build.0 = Debug|Any CPU
		{7EDF8636-EFCB-4612-A279-4171CCE01227}.Release|Any CPU.ActiveCfg = Release|Any CPU
		{7EDF8636-EFCB-4612-A279-4171CCE01227}.Release|Any CPU.Build.0 = Release|Any CPU
	EndGlobalSection
	GlobalSection(SolutionProperties) = preSolution
		HideSolutionNode = FALSE
	EndGlobalSection
	GlobalSection(ExtensibilityGlobals) = postSolution
		SolutionGuid = {679E80B4-3A2A-44F9-855F-C5675E23FBEC}
	EndGlobalSection
EndGlobal
